
Microsoft Visual Studio Solution File, Format Version 12.00
# Visual Studio Version 16
VisualStudioVersion = 16.0.32002.261
MinimumVisualStudioVersion = 10.0.40219.1
Project("{FAE04EC0-301F-11D3-BF4B-00C04F79EFBC}") = "Tasks", "Lesson_1\Tasks.csproj", "{5CD4D27F-1FDD-4838-A9F9-2234AA7EDFAB}"
EndProject
Project("{FAE04EC0-301F-11D3-BF4B-00C04F79EFBC}") = "Tasks", "Lesson_2\Tasks.csproj", "{467FF03D-7473-407D-AA90-DE377ED08944}"
EndProject
Project("{FAE04EC0-301F-11D3-BF4B-00C04F79EFBC}") = "Tasks", "Lesson_3\Tasks.csproj", "{FBBF2A6F-87D0-49FD-86BB-93EBD72F0D55}"
EndProject
Project("{FAE04EC0-301F-11D3-BF4B-00C04F79EFBC}") = "Tasks", "Lesson_4\Tasks.csproj", "{1960812B-7319-4E85-B74F-6092CBD3BB86}"
EndProject
Project("{2150E333-8FDC-42A3-9474-1A3956D46DE8}") = "Lesson_1", "Lesson_1", "{8F92D04C-94C1-427A-BE5D-D9266B42E63A}"
EndProject
Project("{2150E333-8FDC-42A3-9474-1A3956D46DE8}") = "Lesson_2", "Lesson_2", "{30C10767-A4F7-4897-AE68-AB41758DCBAB}"
EndProject
Project("{2150E333-8FDC-42A3-9474-1A3956D46DE8}") = "Lesson_3", "Lesson_3", "{0F77D083-A606-472E-8BCD-9AEFCC431C66}"
EndProject
Project("{2150E333-8FDC-42A3-9474-1A3956D46DE8}") = "Lesson_4", "Lesson_4", "{843FA727-3733-4C50-B4D4-75C46CC09968}"
EndProject
Project("{2150E333-8FDC-42A3-9474-1A3956D46DE8}") = "Lesson_5", "Lesson_5", "{4EDFDD73-B7BE-4938-9C2B-68BA6F307836}"
EndProject
Project("{FAE04EC0-301F-11D3-BF4B-00C04F79EFBC}") = "Task_1", "Lesson_5\Task_1\Task_1.csproj", "{184EEF9C-0E67-4D35-9B28-F51577D6E9E5}"
EndProject
Project("{FAE04EC0-301F-11D3-BF4B-00C04F79EFBC}") = "Task_2", "Lesson_5\Task_2\Task_2.csproj", "{DCD7B7EF-CB89-48A3-9C0B-11816BCD38DA}"
EndProject
Global
	GlobalSection(SolutionConfigurationPlatforms) = preSolution
		Debug|Any CPU = Debug|Any CPU
		Release|Any CPU = Release|Any CPU
	EndGlobalSection
	GlobalSection(ProjectConfigurationPlatforms) = postSolution
		{5CD4D27F-1FDD-4838-A9F9-2234AA7EDFAB}.Debug|Any CPU.ActiveCfg = Debug|Any CPU
		{5CD4D27F-1FDD-4838-A9F9-2234AA7EDFAB}.Debug|Any CPU.Build.0 = Debug|Any CPU
		{5CD4D27F-1FDD-4838-A9F9-2234AA7EDFAB}.Release|Any CPU.ActiveCfg = Release|Any CPU
		{5CD4D27F-1FDD-4838-A9F9-2234AA7EDFAB}.Release|Any CPU.Build.0 = Release|Any CPU
		{467FF03D-7473-407D-AA90-DE377ED08944}.Debug|Any CPU.ActiveCfg = Debug|Any CPU
		{467FF03D-7473-407D-AA90-DE377ED08944}.Debug|Any CPU.Build.0 = Debug|Any CPU
		{467FF03D-7473-407D-AA90-DE377ED08944}.Release|Any CPU.ActiveCfg = Release|Any CPU
		{467FF03D-7473-407D-AA90-DE377ED08944}.Release|Any CPU.Build.0 = Release|Any CPU
		{FBBF2A6F-87D0-49FD-86BB-93EBD72F0D55}.Debug|Any CPU.ActiveCfg = Debug|Any CPU
		{FBBF2A6F-87D0-49FD-86BB-93EBD72F0D55}.Debug|Any CPU.Build.0 = Debug|Any CPU
		{FBBF2A6F-87D0-49FD-86BB-93EBD72F0D55}.Release|Any CPU.ActiveCfg = Release|Any CPU
		{FBBF2A6F-87D0-49FD-86BB-93EBD72F0D55}.Release|Any CPU.Build.0 = Release|Any CPU
		{1960812B-7319-4E85-B74F-6092CBD3BB86}.Debug|Any CPU.ActiveCfg = Debug|Any CPU
		{1960812B-7319-4E85-B74F-6092CBD3BB86}.Debug|Any CPU.Build.0 = Debug|Any CPU
		{1960812B-7319-4E85-B74F-6092CBD3BB86}.Release|Any CPU.ActiveCfg = Release|Any CPU
		{1960812B-7319-4E85-B74F-6092CBD3BB86}.Release|Any CPU.Build.0 = Release|Any CPU
		{184EEF9C-0E67-4D35-9B28-F51577D6E9E5}.Debug|Any CPU.ActiveCfg = Debug|Any CPU
		{184EEF9C-0E67-4D35-9B28-F51577D6E9E5}.Debug|Any CPU.Build.0 = Debug|Any CPU
		{184EEF9C-0E67-4D35-9B28-F51577D6E9E5}.Release|Any CPU.ActiveCfg = Release|Any CPU
		{184EEF9C-0E67-4D35-9B28-F51577D6E9E5}.Release|Any CPU.Build.0 = Release|Any CPU
		{DCD7B7EF-CB89-48A3-9C0B-11816BCD38DA}.Debug|Any CPU.ActiveCfg = Debug|Any CPU
		{DCD7B7EF-CB89-48A3-9C0B-11816BCD38DA}.Debug|Any CPU.Build.0 = Debug|Any CPU
		{DCD7B7EF-CB89-48A3-9C0B-11816BCD38DA}.Release|Any CPU.ActiveCfg = Release|Any CPU
		{DCD7B7EF-CB89-48A3-9C0B-11816BCD38DA}.Release|Any CPU.Build.0 = Release|Any CPU
	EndGlobalSection
	GlobalSection(SolutionProperties) = preSolution
		HideSolutionNode = FALSE
	EndGlobalSection
	GlobalSection(NestedProjects) = preSolution
		{5CD4D27F-1FDD-4838-A9F9-2234AA7EDFAB} = {8F92D04C-94C1-427A-BE5D-D9266B42E63A}
		{467FF03D-7473-407D-AA90-DE377ED08944} = {30C10767-A4F7-4897-AE68-AB41758DCBAB}
		{FBBF2A6F-87D0-49FD-86BB-93EBD72F0D55} = {0F77D083-A606-472E-8BCD-9AEFCC431C66}
		{1960812B-7319-4E85-B74F-6092CBD3BB86} = {843FA727-3733-4C50-B4D4-75C46CC09968}
		{184EEF9C-0E67-4D35-9B28-F51577D6E9E5} = {4EDFDD73-B7BE-4938-9C2B-68BA6F307836}
		{DCD7B7EF-CB89-48A3-9C0B-11816BCD38DA} = {4EDFDD73-B7BE-4938-9C2B-68BA6F307836}
	EndGlobalSection
	GlobalSection(ExtensibilityGlobals) = postSolution
		SolutionGuid = {EDB7C510-9022-4ED2-8B66-B5ABB1CD8019}
	EndGlobalSection
EndGlobal
