
Microsoft Visual Studio Solution File, Format Version 12.00
# Visual Studio Version 17
VisualStudioVersion = 17.1.32228.430
MinimumVisualStudioVersion = 10.0.40219.1
Project("{FAE04EC0-301F-11D3-BF4B-00C04F79EFBC}") = "Tasks", "Lesson_1\Tasks.csproj", "{5CD4D27F-1FDD-4838-A9F9-2234AA7EDFAB}"
EndProject
Project("{FAE04EC0-301F-11D3-BF4B-00C04F79EFBC}") = "Tasks", "Lesson_2\Tasks.csproj", "{467FF03D-7473-407D-AA90-DE377ED08944}"
EndProject
Project("{FAE04EC0-301F-11D3-BF4B-00C04F79EFBC}") = "Tasks", "Lesson_3\Tasks.csproj", "{FBBF2A6F-87D0-49FD-86BB-93EBD72F0D55}"
EndProject
Project("{FAE04EC0-301F-11D3-BF4B-00C04F79EFBC}") = "Tasks", "Lesson_4\Tasks.csproj", "{1960812B-7319-4E85-B74F-6092CBD3BB86}"
EndProject
Project("{2150E333-8FDC-42A3-9474-1A3956D46DE8}") = "Lesson_1", "Lesson_1", "{8F92D04C-94C1-427A-BE5D-D9266B42E63A}"
EndProject
Project("{2150E333-8FDC-42A3-9474-1A3956D46DE8}") = "Lesson_2", "Lesson_2", "{30C10767-A4F7-4897-AE68-AB41758DCBAB}"
EndProject
Project("{2150E333-8FDC-42A3-9474-1A3956D46DE8}") = "Lesson_3", "Lesson_3", "{0F77D083-A606-472E-8BCD-9AEFCC431C66}"
EndProject
Project("{2150E333-8FDC-42A3-9474-1A3956D46DE8}") = "Lesson_4", "Lesson_4", "{843FA727-3733-4C50-B4D4-75C46CC09968}"
EndProject
Project("{2150E333-8FDC-42A3-9474-1A3956D46DE8}") = "Lesson_5", "Lesson_5", "{4EDFDD73-B7BE-4938-9C2B-68BA6F307836}"
EndProject
Project("{FAE04EC0-301F-11D3-BF4B-00C04F79EFBC}") = "Task_1", "Lesson_5\Task_1\Task_1.csproj", "{184EEF9C-0E67-4D35-9B28-F51577D6E9E5}"
EndProject
Project("{FAE04EC0-301F-11D3-BF4B-00C04F79EFBC}") = "Task_2", "Lesson_5\Task_2\Task_2.csproj", "{DCD7B7EF-CB89-48A3-9C0B-11816BCD38DA}"
EndProject
Project("{2150E333-8FDC-42A3-9474-1A3956D46DE8}") = "Lesson_6", "Lesson_6", "{C34713BE-3094-4175-A432-BE44508443BF}"
EndProject
Project("{FAE04EC0-301F-11D3-BF4B-00C04F79EFBC}") = "Task_1", "Lesson_6\Task_1\Task_1.csproj", "{ADE1D998-9C54-4918-A362-599C1E9EBEBB}"
EndProject
Project("{2150E333-8FDC-42A3-9474-1A3956D46DE8}") = "Training", "Training", "{81A5026E-89A3-4C48-8E4C-A480E28F1691}"
EndProject
Project("{2150E333-8FDC-42A3-9474-1A3956D46DE8}") = "Lesson_7", "Lesson_7", "{60A6B6F4-56A0-4E28-BB37-F8B08CF4A7AF}"
EndProject
Project("{FAE04EC0-301F-11D3-BF4B-00C04F79EFBC}") = "Task_1", "Lesson_7\Task_1\Task_1.csproj", "{3131DD90-6A18-4D74-8A7E-F8A3F886FB24}"
EndProject
Project("{2150E333-8FDC-42A3-9474-1A3956D46DE8}") = "Lesson_8", "Lesson_8", "{3063B70B-0A83-4D28-85C1-9A576C023E5B}"
EndProject
Project("{FAE04EC0-301F-11D3-BF4B-00C04F79EFBC}") = "Task_1", "Lesson_8\Task_1\Task_1.csproj", "{B35BC8E0-C71B-4DDE-9BE8-C8C6E78553A7}"
EndProject
Project("{FAE04EC0-301F-11D3-BF4B-00C04F79EFBC}") = "Task_2", "Lesson_8\Task_2\Task_2.csproj", "{22F8A9A8-1CB7-41DC-9866-2A1FCF7E156E}"
EndProject
Project("{FAE04EC0-301F-11D3-BF4B-00C04F79EFBC}") = "Task_3", "Lesson_8\Task_3\Task_3.csproj", "{D0A67520-A8A0-4EDD-8271-29C7E676BAA5}"
EndProject
Project("{FAE04EC0-301F-11D3-BF4B-00C04F79EFBC}") = "Task_4", "Lesson_8\Task_4\Task_4.csproj", "{9FBF1267-12A8-418D-9AAE-935D854A4CC8}"
EndProject
Project("{FAE04EC0-301F-11D3-BF4B-00C04F79EFBC}") = "Task_4_Alt", "Lesson_8\Task_4_Alt\Task_4_Alt.csproj", "{896B664A-B82C-45F5-8BA4-5B5F58A0CB73}"
EndProject
Project("{2150E333-8FDC-42A3-9474-1A3956D46DE8}") = "Lesson_9", "Lesson_9", "{DC067E92-B8DC-45FD-81D2-D0FBDFD01856}"
EndProject
Project("{FAE04EC0-301F-11D3-BF4B-00C04F79EFBC}") = "Task_1", "Lesson_9\Task1\Task_1.csproj", "{AF5F3578-15EB-4DCF-906A-4A475C4BAA93}"
EndProject
Project("{2150E333-8FDC-42A3-9474-1A3956D46DE8}") = "Lesson_10", "Lesson_10", "{0142E75A-B4C1-4ED3-A11F-0EA34E9074BE}"
EndProject
Project("{FAE04EC0-301F-11D3-BF4B-00C04F79EFBC}") = "Task_1", "Lesson_10\Task_1\Task_1.csproj", "{FEB2AEA2-E371-4CA6-ACB5-087BA7DE7EF8}"
EndProject
Project("{FAE04EC0-301F-11D3-BF4B-00C04F79EFBC}") = "Task_1_2_3", "Lesson_13\Task_1_2_3\Task_1_2_3.csproj", "{33FEF16B-42E3-4261-8B47-81F954E4968C}"
EndProject
Global
	GlobalSection(SolutionConfigurationPlatforms) = preSolution
		Debug|Any CPU = Debug|Any CPU
		Release|Any CPU = Release|Any CPU
	EndGlobalSection
	GlobalSection(ProjectConfigurationPlatforms) = postSolution
		{5CD4D27F-1FDD-4838-A9F9-2234AA7EDFAB}.Debug|Any CPU.ActiveCfg = Debug|Any CPU
		{5CD4D27F-1FDD-4838-A9F9-2234AA7EDFAB}.Debug|Any CPU.Build.0 = Debug|Any CPU
		{5CD4D27F-1FDD-4838-A9F9-2234AA7EDFAB}.Release|Any CPU.ActiveCfg = Release|Any CPU
		{5CD4D27F-1FDD-4838-A9F9-2234AA7EDFAB}.Release|Any CPU.Build.0 = Release|Any CPU
		{467FF03D-7473-407D-AA90-DE377ED08944}.Debug|Any CPU.ActiveCfg = Debug|Any CPU
		{467FF03D-7473-407D-AA90-DE377ED08944}.Debug|Any CPU.Build.0 = Debug|Any CPU
		{467FF03D-7473-407D-AA90-DE377ED08944}.Release|Any CPU.ActiveCfg = Release|Any CPU
		{467FF03D-7473-407D-AA90-DE377ED08944}.Release|Any CPU.Build.0 = Release|Any CPU
		{FBBF2A6F-87D0-49FD-86BB-93EBD72F0D55}.Debug|Any CPU.ActiveCfg = Debug|Any CPU
		{FBBF2A6F-87D0-49FD-86BB-93EBD72F0D55}.Debug|Any CPU.Build.0 = Debug|Any CPU
		{FBBF2A6F-87D0-49FD-86BB-93EBD72F0D55}.Release|Any CPU.ActiveCfg = Release|Any CPU
		{FBBF2A6F-87D0-49FD-86BB-93EBD72F0D55}.Release|Any CPU.Build.0 = Release|Any CPU
		{1960812B-7319-4E85-B74F-6092CBD3BB86}.Debug|Any CPU.ActiveCfg = Debug|Any CPU
		{1960812B-7319-4E85-B74F-6092CBD3BB86}.Debug|Any CPU.Build.0 = Debug|Any CPU
		{1960812B-7319-4E85-B74F-6092CBD3BB86}.Release|Any CPU.ActiveCfg = Release|Any CPU
		{1960812B-7319-4E85-B74F-6092CBD3BB86}.Release|Any CPU.Build.0 = Release|Any CPU
		{184EEF9C-0E67-4D35-9B28-F51577D6E9E5}.Debug|Any CPU.ActiveCfg = Debug|Any CPU
		{184EEF9C-0E67-4D35-9B28-F51577D6E9E5}.Debug|Any CPU.Build.0 = Debug|Any CPU
		{184EEF9C-0E67-4D35-9B28-F51577D6E9E5}.Release|Any CPU.ActiveCfg = Release|Any CPU
		{184EEF9C-0E67-4D35-9B28-F51577D6E9E5}.Release|Any CPU.Build.0 = Release|Any CPU
		{DCD7B7EF-CB89-48A3-9C0B-11816BCD38DA}.Debug|Any CPU.ActiveCfg = Debug|Any CPU
		{DCD7B7EF-CB89-48A3-9C0B-11816BCD38DA}.Debug|Any CPU.Build.0 = Debug|Any CPU
		{DCD7B7EF-CB89-48A3-9C0B-11816BCD38DA}.Release|Any CPU.ActiveCfg = Release|Any CPU
		{DCD7B7EF-CB89-48A3-9C0B-11816BCD38DA}.Release|Any CPU.Build.0 = Release|Any CPU
		{ADE1D998-9C54-4918-A362-599C1E9EBEBB}.Debug|Any CPU.ActiveCfg = Debug|Any CPU
		{ADE1D998-9C54-4918-A362-599C1E9EBEBB}.Debug|Any CPU.Build.0 = Debug|Any CPU
		{ADE1D998-9C54-4918-A362-599C1E9EBEBB}.Release|Any CPU.ActiveCfg = Release|Any CPU
		{ADE1D998-9C54-4918-A362-599C1E9EBEBB}.Release|Any CPU.Build.0 = Release|Any CPU
		{3131DD90-6A18-4D74-8A7E-F8A3F886FB24}.Debug|Any CPU.ActiveCfg = Debug|Any CPU
		{3131DD90-6A18-4D74-8A7E-F8A3F886FB24}.Debug|Any CPU.Build.0 = Debug|Any CPU
		{3131DD90-6A18-4D74-8A7E-F8A3F886FB24}.Release|Any CPU.ActiveCfg = Release|Any CPU
		{3131DD90-6A18-4D74-8A7E-F8A3F886FB24}.Release|Any CPU.Build.0 = Release|Any CPU
		{B35BC8E0-C71B-4DDE-9BE8-C8C6E78553A7}.Debug|Any CPU.ActiveCfg = Debug|Any CPU
		{B35BC8E0-C71B-4DDE-9BE8-C8C6E78553A7}.Debug|Any CPU.Build.0 = Debug|Any CPU
		{B35BC8E0-C71B-4DDE-9BE8-C8C6E78553A7}.Release|Any CPU.ActiveCfg = Release|Any CPU
		{B35BC8E0-C71B-4DDE-9BE8-C8C6E78553A7}.Release|Any CPU.Build.0 = Release|Any CPU
		{22F8A9A8-1CB7-41DC-9866-2A1FCF7E156E}.Debug|Any CPU.ActiveCfg = Debug|Any CPU
		{22F8A9A8-1CB7-41DC-9866-2A1FCF7E156E}.Debug|Any CPU.Build.0 = Debug|Any CPU
		{22F8A9A8-1CB7-41DC-9866-2A1FCF7E156E}.Release|Any CPU.ActiveCfg = Release|Any CPU
		{22F8A9A8-1CB7-41DC-9866-2A1FCF7E156E}.Release|Any CPU.Build.0 = Release|Any CPU
		{D0A67520-A8A0-4EDD-8271-29C7E676BAA5}.Debug|Any CPU.ActiveCfg = Debug|Any CPU
		{D0A67520-A8A0-4EDD-8271-29C7E676BAA5}.Debug|Any CPU.Build.0 = Debug|Any CPU
		{D0A67520-A8A0-4EDD-8271-29C7E676BAA5}.Release|Any CPU.ActiveCfg = Release|Any CPU
		{D0A67520-A8A0-4EDD-8271-29C7E676BAA5}.Release|Any CPU.Build.0 = Release|Any CPU
		{9FBF1267-12A8-418D-9AAE-935D854A4CC8}.Debug|Any CPU.ActiveCfg = Debug|Any CPU
		{9FBF1267-12A8-418D-9AAE-935D854A4CC8}.Debug|Any CPU.Build.0 = Debug|Any CPU
		{9FBF1267-12A8-418D-9AAE-935D854A4CC8}.Release|Any CPU.ActiveCfg = Release|Any CPU
		{9FBF1267-12A8-418D-9AAE-935D854A4CC8}.Release|Any CPU.Build.0 = Release|Any CPU
		{896B664A-B82C-45F5-8BA4-5B5F58A0CB73}.Debug|Any CPU.ActiveCfg = Debug|Any CPU
		{896B664A-B82C-45F5-8BA4-5B5F58A0CB73}.Debug|Any CPU.Build.0 = Debug|Any CPU
		{896B664A-B82C-45F5-8BA4-5B5F58A0CB73}.Release|Any CPU.ActiveCfg = Release|Any CPU
		{896B664A-B82C-45F5-8BA4-5B5F58A0CB73}.Release|Any CPU.Build.0 = Release|Any CPU
		{AF5F3578-15EB-4DCF-906A-4A475C4BAA93}.Debug|Any CPU.ActiveCfg = Debug|Any CPU
		{AF5F3578-15EB-4DCF-906A-4A475C4BAA93}.Debug|Any CPU.Build.0 = Debug|Any CPU
		{AF5F3578-15EB-4DCF-906A-4A475C4BAA93}.Release|Any CPU.ActiveCfg = Release|Any CPU
		{AF5F3578-15EB-4DCF-906A-4A475C4BAA93}.Release|Any CPU.Build.0 = Release|Any CPU
		{FEB2AEA2-E371-4CA6-ACB5-087BA7DE7EF8}.Debug|Any CPU.ActiveCfg = Debug|Any CPU
		{FEB2AEA2-E371-4CA6-ACB5-087BA7DE7EF8}.Debug|Any CPU.Build.0 = Debug|Any CPU
		{FEB2AEA2-E371-4CA6-ACB5-087BA7DE7EF8}.Release|Any CPU.ActiveCfg = Release|Any CPU
		{FEB2AEA2-E371-4CA6-ACB5-087BA7DE7EF8}.Release|Any CPU.Build.0 = Release|Any CPU
		{33FEF16B-42E3-4261-8B47-81F954E4968C}.Debug|Any CPU.ActiveCfg = Debug|Any CPU
		{33FEF16B-42E3-4261-8B47-81F954E4968C}.Debug|Any CPU.Build.0 = Debug|Any CPU
		{33FEF16B-42E3-4261-8B47-81F954E4968C}.Release|Any CPU.ActiveCfg = Release|Any CPU
		{33FEF16B-42E3-4261-8B47-81F954E4968C}.Release|Any CPU.Build.0 = Release|Any CPU
	EndGlobalSection
	GlobalSection(SolutionProperties) = preSolution
		HideSolutionNode = FALSE
	EndGlobalSection
	GlobalSection(NestedProjects) = preSolution
		{5CD4D27F-1FDD-4838-A9F9-2234AA7EDFAB} = {8F92D04C-94C1-427A-BE5D-D9266B42E63A}
		{467FF03D-7473-407D-AA90-DE377ED08944} = {30C10767-A4F7-4897-AE68-AB41758DCBAB}
		{FBBF2A6F-87D0-49FD-86BB-93EBD72F0D55} = {0F77D083-A606-472E-8BCD-9AEFCC431C66}
		{1960812B-7319-4E85-B74F-6092CBD3BB86} = {843FA727-3733-4C50-B4D4-75C46CC09968}
		{184EEF9C-0E67-4D35-9B28-F51577D6E9E5} = {4EDFDD73-B7BE-4938-9C2B-68BA6F307836}
		{DCD7B7EF-CB89-48A3-9C0B-11816BCD38DA} = {4EDFDD73-B7BE-4938-9C2B-68BA6F307836}
		{ADE1D998-9C54-4918-A362-599C1E9EBEBB} = {C34713BE-3094-4175-A432-BE44508443BF}
		{3131DD90-6A18-4D74-8A7E-F8A3F886FB24} = {60A6B6F4-56A0-4E28-BB37-F8B08CF4A7AF}
		{B35BC8E0-C71B-4DDE-9BE8-C8C6E78553A7} = {3063B70B-0A83-4D28-85C1-9A576C023E5B}
		{22F8A9A8-1CB7-41DC-9866-2A1FCF7E156E} = {3063B70B-0A83-4D28-85C1-9A576C023E5B}
		{D0A67520-A8A0-4EDD-8271-29C7E676BAA5} = {3063B70B-0A83-4D28-85C1-9A576C023E5B}
		{9FBF1267-12A8-418D-9AAE-935D854A4CC8} = {3063B70B-0A83-4D28-85C1-9A576C023E5B}
		{896B664A-B82C-45F5-8BA4-5B5F58A0CB73} = {3063B70B-0A83-4D28-85C1-9A576C023E5B}
		{AF5F3578-15EB-4DCF-906A-4A475C4BAA93} = {DC067E92-B8DC-45FD-81D2-D0FBDFD01856}
		{FEB2AEA2-E371-4CA6-ACB5-087BA7DE7EF8} = {0142E75A-B4C1-4ED3-A11F-0EA34E9074BE}
	EndGlobalSection
	GlobalSection(ExtensibilityGlobals) = postSolution
		SolutionGuid = {EDB7C510-9022-4ED2-8B66-B5ABB1CD8019}
	EndGlobalSection
EndGlobal
