
Microsoft Visual Studio Solution File, Format Version 12.00
# Visual Studio Version 16
VisualStudioVersion = 16.0.32002.261
MinimumVisualStudioVersion = 10.0.40219.1
Project("{FAE04EC0-301F-11D3-BF4B-00C04F79EFBC}") = "Lesson_1", "Lesson_1\Lesson_1.csproj", "{5CD4D27F-1FDD-4838-A9F9-2234AA7EDFAB}"
EndProject
Project("{FAE04EC0-301F-11D3-BF4B-00C04F79EFBC}") = "Lesson_2", "Lesson_2\Lesson_2.csproj", "{467FF03D-7473-407D-AA90-DE377ED08944}"
EndProject
Project("{FAE04EC0-301F-11D3-BF4B-00C04F79EFBC}") = "Lesson_3", "Lesson_3\Lesson_3.csproj", "{FBBF2A6F-87D0-49FD-86BB-93EBD72F0D55}"
EndProject
Global
	GlobalSection(SolutionConfigurationPlatforms) = preSolution
		Debug|Any CPU = Debug|Any CPU
		Release|Any CPU = Release|Any CPU
	EndGlobalSection
	GlobalSection(ProjectConfigurationPlatforms) = postSolution
		{5CD4D27F-1FDD-4838-A9F9-2234AA7EDFAB}.Debug|Any CPU.ActiveCfg = Debug|Any CPU
		{5CD4D27F-1FDD-4838-A9F9-2234AA7EDFAB}.Debug|Any CPU.Build.0 = Debug|Any CPU
		{5CD4D27F-1FDD-4838-A9F9-2234AA7EDFAB}.Release|Any CPU.ActiveCfg = Release|Any CPU
		{5CD4D27F-1FDD-4838-A9F9-2234AA7EDFAB}.Release|Any CPU.Build.0 = Release|Any CPU
		{467FF03D-7473-407D-AA90-DE377ED08944}.Debug|Any CPU.ActiveCfg = Debug|Any CPU
		{467FF03D-7473-407D-AA90-DE377ED08944}.Debug|Any CPU.Build.0 = Debug|Any CPU
		{467FF03D-7473-407D-AA90-DE377ED08944}.Release|Any CPU.ActiveCfg = Release|Any CPU
		{467FF03D-7473-407D-AA90-DE377ED08944}.Release|Any CPU.Build.0 = Release|Any CPU
		{FBBF2A6F-87D0-49FD-86BB-93EBD72F0D55}.Debug|Any CPU.ActiveCfg = Debug|Any CPU
		{FBBF2A6F-87D0-49FD-86BB-93EBD72F0D55}.Debug|Any CPU.Build.0 = Debug|Any CPU
		{FBBF2A6F-87D0-49FD-86BB-93EBD72F0D55}.Release|Any CPU.ActiveCfg = Release|Any CPU
		{FBBF2A6F-87D0-49FD-86BB-93EBD72F0D55}.Release|Any CPU.Build.0 = Release|Any CPU
	EndGlobalSection
	GlobalSection(SolutionProperties) = preSolution
		HideSolutionNode = FALSE
	EndGlobalSection
	GlobalSection(ExtensibilityGlobals) = postSolution
		SolutionGuid = {EDB7C510-9022-4ED2-8B66-B5ABB1CD8019}
	EndGlobalSection
EndGlobal
